
Microsoft Visual Studio Solution File, Format Version 12.00
# Visual Studio 15
VisualStudioVersion = 15.0.27703.2018
MinimumVisualStudioVersion = 10.0.40219.1
Project("{9A19103F-16F7-4668-BE54-9A1E7A4F7556}") = "TextParser", "TextParser\TextParser.csproj", "{1049070F-50CC-47F1-AFD9-70A91F409BBE}"
EndProject
Global
	GlobalSection(SolutionConfigurationPlatforms) = preSolution
		Debug|Any CPU = Debug|Any CPU
		Release|Any CPU = Release|Any CPU
	EndGlobalSection
	GlobalSection(ProjectConfigurationPlatforms) = postSolution
		{1049070F-50CC-47F1-AFD9-70A91F409BBE}.Debug|Any CPU.ActiveCfg = Debug|Any CPU
		{1049070F-50CC-47F1-AFD9-70A91F409BBE}.Debug|Any CPU.Build.0 = Debug|Any CPU
		{1049070F-50CC-47F1-AFD9-70A91F409BBE}.Release|Any CPU.ActiveCfg = Release|Any CPU
		{1049070F-50CC-47F1-AFD9-70A91F409BBE}.Release|Any CPU.Build.0 = Release|Any CPU
	EndGlobalSection
	GlobalSection(SolutionProperties) = preSolution
		HideSolutionNode = FALSE
	EndGlobalSection
	GlobalSection(ExtensibilityGlobals) = postSolution
		SolutionGuid = {B64267A7-2079-46DE-A998-56471F517B51}
	EndGlobalSection
EndGlobal
